
Microsoft Visual Studio Solution File, Format Version 12.00
# Visual Studio 2012
Project("{FAE04EC0-301F-11D3-BF4B-00C04F79EFBC}") = "2-1-galleriet", "2-1-galleriet\2-1-galleriet.csproj", "{111CD66D-D3B4-4E8D-91C5-8F6B14E62283}"
EndProject
Global
	GlobalSection(SolutionConfigurationPlatforms) = preSolution
		Debug|Any CPU = Debug|Any CPU
		Release|Any CPU = Release|Any CPU
	EndGlobalSection
	GlobalSection(ProjectConfigurationPlatforms) = postSolution
		{111CD66D-D3B4-4E8D-91C5-8F6B14E62283}.Debug|Any CPU.ActiveCfg = Debug|Any CPU
		{111CD66D-D3B4-4E8D-91C5-8F6B14E62283}.Debug|Any CPU.Build.0 = Debug|Any CPU
		{111CD66D-D3B4-4E8D-91C5-8F6B14E62283}.Release|Any CPU.ActiveCfg = Release|Any CPU
		{111CD66D-D3B4-4E8D-91C5-8F6B14E62283}.Release|Any CPU.Build.0 = Release|Any CPU
	EndGlobalSection
	GlobalSection(SolutionProperties) = preSolution
		HideSolutionNode = FALSE
	EndGlobalSection
EndGlobal
